
Microsoft Visual Studio Solution File, Format Version 12.00
# Visual Studio Version 16
VisualStudioVersion = 16.0.30309.148
MinimumVisualStudioVersion = 10.0.40219.1
Project("{FAE04EC0-301F-11D3-BF4B-00C04F79EFBC}") = "GymProject", "GymProject\GymProject.csproj", "{CC537C0B-9E58-426B-852B-BBBE97E1092A}"
EndProject
Global
	GlobalSection(SolutionConfigurationPlatforms) = preSolution
		Debug|Any CPU = Debug|Any CPU
		Release|Any CPU = Release|Any CPU
	EndGlobalSection
	GlobalSection(ProjectConfigurationPlatforms) = postSolution
		{CC537C0B-9E58-426B-852B-BBBE97E1092A}.Debug|Any CPU.ActiveCfg = Debug|Any CPU
		{CC537C0B-9E58-426B-852B-BBBE97E1092A}.Debug|Any CPU.Build.0 = Debug|Any CPU
		{CC537C0B-9E58-426B-852B-BBBE97E1092A}.Release|Any CPU.ActiveCfg = Release|Any CPU
		{CC537C0B-9E58-426B-852B-BBBE97E1092A}.Release|Any CPU.Build.0 = Release|Any CPU
	EndGlobalSection
	GlobalSection(SolutionProperties) = preSolution
		HideSolutionNode = FALSE
	EndGlobalSection
	GlobalSection(ExtensibilityGlobals) = postSolution
		SolutionGuid = {33DAE434-FD72-4657-9FF7-B0F5101C454B}
	EndGlobalSection
EndGlobal
